
Microsoft Visual Studio Solution File, Format Version 12.00
# Visual Studio Version 17
VisualStudioVersion = 17.7.34221.43
MinimumVisualStudioVersion = 10.0.40219.1
Project("{FAE04EC0-301F-11D3-BF4B-00C04F79EFBC}") = "QLBanHang_Demo", "QLBanHang_Demo.csproj", "{BE9BD093-6A10-49D8-ACA0-CD48A7353DBB}"
EndProject
Global
	GlobalSection(SolutionConfigurationPlatforms) = preSolution
		Debug|Any CPU = Debug|Any CPU
		Release|Any CPU = Release|Any CPU
	EndGlobalSection
	GlobalSection(ProjectConfigurationPlatforms) = postSolution
		{BE9BD093-6A10-49D8-ACA0-CD48A7353DBB}.Debug|Any CPU.ActiveCfg = Debug|Any CPU
		{BE9BD093-6A10-49D8-ACA0-CD48A7353DBB}.Debug|Any CPU.Build.0 = Debug|Any CPU
		{BE9BD093-6A10-49D8-ACA0-CD48A7353DBB}.Release|Any CPU.ActiveCfg = Release|Any CPU
		{BE9BD093-6A10-49D8-ACA0-CD48A7353DBB}.Release|Any CPU.Build.0 = Release|Any CPU
	EndGlobalSection
	GlobalSection(SolutionProperties) = preSolution
		HideSolutionNode = FALSE
	EndGlobalSection
	GlobalSection(ExtensibilityGlobals) = postSolution
		SolutionGuid = {DCE90F42-3EB6-4D97-BCD4-4B171F939544}
	EndGlobalSection
EndGlobal
